
Microsoft Visual Studio Solution File, Format Version 12.00
# Visual Studio Version 17
VisualStudioVersion = 17.2.32616.157
MinimumVisualStudioVersion = 10.0.40219.1
Project("{9A19103F-16F7-4668-BE54-9A1E7A4F7556}") = "la-mia-pizzeria", "la-mia-pizzeria.csproj", "{C469E416-AD8E-42B6-9FA9-71DAA9BD137F}"
EndProject
Global
	GlobalSection(SolutionConfigurationPlatforms) = preSolution
		Debug|Any CPU = Debug|Any CPU
		Release|Any CPU = Release|Any CPU
	EndGlobalSection
	GlobalSection(ProjectConfigurationPlatforms) = postSolution
		{C469E416-AD8E-42B6-9FA9-71DAA9BD137F}.Debug|Any CPU.ActiveCfg = Debug|Any CPU
		{C469E416-AD8E-42B6-9FA9-71DAA9BD137F}.Debug|Any CPU.Build.0 = Debug|Any CPU
		{C469E416-AD8E-42B6-9FA9-71DAA9BD137F}.Release|Any CPU.ActiveCfg = Release|Any CPU
		{C469E416-AD8E-42B6-9FA9-71DAA9BD137F}.Release|Any CPU.Build.0 = Release|Any CPU
	EndGlobalSection
	GlobalSection(SolutionProperties) = preSolution
		HideSolutionNode = FALSE
	EndGlobalSection
	GlobalSection(ExtensibilityGlobals) = postSolution
		SolutionGuid = {8E511454-569A-4246-A8AC-EEBFA0CA3E69}
	EndGlobalSection
EndGlobal
